
Microsoft Visual Studio Solution File, Format Version 12.00
# Visual Studio 2012
Project("{FAE04EC0-301F-11D3-BF4B-00C04F79EFBC}") = "HLF.ContextConfig", "..\Source\HLF.ContextConfig\HLF.ContextConfig.csproj", "{54E558CE-D449-483D-9EEB-042370773E01}"
EndProject
Project("{FAE04EC0-301F-11D3-BF4B-00C04F79EFBC}") = "TestSite", "..\Source\TestSite\TestSite.csproj", "{C1610FCA-E918-4232-A444-A34F613E142D}"
EndProject
Global
	GlobalSection(SolutionConfigurationPlatforms) = preSolution
		Debug|Any CPU = Debug|Any CPU
		Release|Any CPU = Release|Any CPU
	EndGlobalSection
	GlobalSection(ProjectConfigurationPlatforms) = postSolution
		{54E558CE-D449-483D-9EEB-042370773E01}.Debug|Any CPU.ActiveCfg = Debug|Any CPU
		{54E558CE-D449-483D-9EEB-042370773E01}.Debug|Any CPU.Build.0 = Debug|Any CPU
		{54E558CE-D449-483D-9EEB-042370773E01}.Release|Any CPU.ActiveCfg = Release|Any CPU
		{54E558CE-D449-483D-9EEB-042370773E01}.Release|Any CPU.Build.0 = Release|Any CPU
		{C1610FCA-E918-4232-A444-A34F613E142D}.Debug|Any CPU.ActiveCfg = Debug|Any CPU
		{C1610FCA-E918-4232-A444-A34F613E142D}.Debug|Any CPU.Build.0 = Debug|Any CPU
		{C1610FCA-E918-4232-A444-A34F613E142D}.Release|Any CPU.ActiveCfg = Release|Any CPU
		{C1610FCA-E918-4232-A444-A34F613E142D}.Release|Any CPU.Build.0 = Release|Any CPU
	EndGlobalSection
	GlobalSection(SolutionProperties) = preSolution
		HideSolutionNode = FALSE
	EndGlobalSection
EndGlobal
